
Microsoft Visual Studio Solution File, Format Version 12.00
# Visual Studio Version 17
VisualStudioVersion = 17.8.34330.188
MinimumVisualStudioVersion = 10.0.40219.1
Project("{FAE04EC0-301F-11D3-BF4B-00C04F79EFBC}") = "Atividade 9", "Atividade 9\Atividade 9.csproj", "{24041B20-E785-4E91-B832-02C6E013B15E}"
EndProject
Global
	GlobalSection(SolutionConfigurationPlatforms) = preSolution
		Debug|Any CPU = Debug|Any CPU
		Release|Any CPU = Release|Any CPU
	EndGlobalSection
	GlobalSection(ProjectConfigurationPlatforms) = postSolution
		{24041B20-E785-4E91-B832-02C6E013B15E}.Debug|Any CPU.ActiveCfg = Debug|Any CPU
		{24041B20-E785-4E91-B832-02C6E013B15E}.Debug|Any CPU.Build.0 = Debug|Any CPU
		{24041B20-E785-4E91-B832-02C6E013B15E}.Release|Any CPU.ActiveCfg = Release|Any CPU
		{24041B20-E785-4E91-B832-02C6E013B15E}.Release|Any CPU.Build.0 = Release|Any CPU
	EndGlobalSection
	GlobalSection(SolutionProperties) = preSolution
		HideSolutionNode = FALSE
	EndGlobalSection
	GlobalSection(ExtensibilityGlobals) = postSolution
		SolutionGuid = {BD16D38A-DC44-4891-8C05-51B1382CD16E}
	EndGlobalSection
EndGlobal
