
Microsoft Visual Studio Solution File, Format Version 12.00
# Visual Studio Version 17
VisualStudioVersion = 17.8.34330.188
MinimumVisualStudioVersion = 10.0.40219.1
Project("{FAE04EC0-301F-11D3-BF4B-00C04F79EFBC}") = "Atividade 2", "Atividade 2\Atividade 2.csproj", "{4E6775A0-D29C-432B-BA8D-49F0CBDC582E}"
EndProject
Project("{9A19103F-16F7-4668-BE54-9A1E7A4F7556}") = "Exemplo 5 Vetor", "..\..\Introdução C#\Exemplo 5 Vetor\Exemplo 5 Vetor\Exemplo 5 Vetor.csproj", "{20E4203F-D870-4779-B8BA-28C4A6112DD2}"
EndProject
Project("{9A19103F-16F7-4668-BE54-9A1E7A4F7556}") = "Atividade 1", "..\Atividade 1\Atividade 1\Atividade 1.csproj", "{6BFBBD19-3947-4F8A-BB17-F387E2DA205C}"
EndProject
Project("{9A19103F-16F7-4668-BE54-9A1E7A4F7556}") = "Exemplo 11 - Switch", "..\..\Introdução C#\Exemplo 11 - Switch\Exemplo 11 - Switch\Exemplo 11 - Switch.csproj", "{B85DB7C7-8EFB-488B-ABD2-E7C76FC3B3E1}"
EndProject
Global
	GlobalSection(SolutionConfigurationPlatforms) = preSolution
		Debug|Any CPU = Debug|Any CPU
		Release|Any CPU = Release|Any CPU
	EndGlobalSection
	GlobalSection(ProjectConfigurationPlatforms) = postSolution
		{4E6775A0-D29C-432B-BA8D-49F0CBDC582E}.Debug|Any CPU.ActiveCfg = Debug|Any CPU
		{4E6775A0-D29C-432B-BA8D-49F0CBDC582E}.Debug|Any CPU.Build.0 = Debug|Any CPU
		{4E6775A0-D29C-432B-BA8D-49F0CBDC582E}.Release|Any CPU.ActiveCfg = Release|Any CPU
		{4E6775A0-D29C-432B-BA8D-49F0CBDC582E}.Release|Any CPU.Build.0 = Release|Any CPU
		{20E4203F-D870-4779-B8BA-28C4A6112DD2}.Debug|Any CPU.ActiveCfg = Debug|Any CPU
		{20E4203F-D870-4779-B8BA-28C4A6112DD2}.Debug|Any CPU.Build.0 = Debug|Any CPU
		{20E4203F-D870-4779-B8BA-28C4A6112DD2}.Release|Any CPU.ActiveCfg = Release|Any CPU
		{20E4203F-D870-4779-B8BA-28C4A6112DD2}.Release|Any CPU.Build.0 = Release|Any CPU
		{6BFBBD19-3947-4F8A-BB17-F387E2DA205C}.Debug|Any CPU.ActiveCfg = Debug|Any CPU
		{6BFBBD19-3947-4F8A-BB17-F387E2DA205C}.Debug|Any CPU.Build.0 = Debug|Any CPU
		{6BFBBD19-3947-4F8A-BB17-F387E2DA205C}.Release|Any CPU.ActiveCfg = Release|Any CPU
		{6BFBBD19-3947-4F8A-BB17-F387E2DA205C}.Release|Any CPU.Build.0 = Release|Any CPU
		{B85DB7C7-8EFB-488B-ABD2-E7C76FC3B3E1}.Debug|Any CPU.ActiveCfg = Debug|Any CPU
		{B85DB7C7-8EFB-488B-ABD2-E7C76FC3B3E1}.Debug|Any CPU.Build.0 = Debug|Any CPU
		{B85DB7C7-8EFB-488B-ABD2-E7C76FC3B3E1}.Release|Any CPU.ActiveCfg = Release|Any CPU
		{B85DB7C7-8EFB-488B-ABD2-E7C76FC3B3E1}.Release|Any CPU.Build.0 = Release|Any CPU
	EndGlobalSection
	GlobalSection(SolutionProperties) = preSolution
		HideSolutionNode = FALSE
	EndGlobalSection
	GlobalSection(ExtensibilityGlobals) = postSolution
		SolutionGuid = {10C5A038-147E-4B52-A2D9-213F8EAF66AA}
	EndGlobalSection
EndGlobal
