
Microsoft Visual Studio Solution File, Format Version 12.00
# Visual Studio Version 17
VisualStudioVersion = 17.8.34330.188
MinimumVisualStudioVersion = 10.0.40219.1
Project("{FAE04EC0-301F-11D3-BF4B-00C04F79EFBC}") = "Atividade 3", "Atividade 3\Atividade 3.csproj", "{3A390798-1596-4839-B923-4BCC4620414B}"
EndProject
Project("{9A19103F-16F7-4668-BE54-9A1E7A4F7556}") = "Exemplo 12 - TryCatch", "..\..\Introdução C#\Exemplo 12 - TryCatch\Exemplo 12 - TryCatch\Exemplo 12 - TryCatch.csproj", "{857C17A3-AE88-4138-AFF3-BAE33867BB96}"
EndProject
Global
	GlobalSection(SolutionConfigurationPlatforms) = preSolution
		Debug|Any CPU = Debug|Any CPU
		Release|Any CPU = Release|Any CPU
	EndGlobalSection
	GlobalSection(ProjectConfigurationPlatforms) = postSolution
		{3A390798-1596-4839-B923-4BCC4620414B}.Debug|Any CPU.ActiveCfg = Debug|Any CPU
		{3A390798-1596-4839-B923-4BCC4620414B}.Debug|Any CPU.Build.0 = Debug|Any CPU
		{3A390798-1596-4839-B923-4BCC4620414B}.Release|Any CPU.ActiveCfg = Release|Any CPU
		{3A390798-1596-4839-B923-4BCC4620414B}.Release|Any CPU.Build.0 = Release|Any CPU
		{857C17A3-AE88-4138-AFF3-BAE33867BB96}.Debug|Any CPU.ActiveCfg = Debug|Any CPU
		{857C17A3-AE88-4138-AFF3-BAE33867BB96}.Debug|Any CPU.Build.0 = Debug|Any CPU
		{857C17A3-AE88-4138-AFF3-BAE33867BB96}.Release|Any CPU.ActiveCfg = Release|Any CPU
		{857C17A3-AE88-4138-AFF3-BAE33867BB96}.Release|Any CPU.Build.0 = Release|Any CPU
	EndGlobalSection
	GlobalSection(SolutionProperties) = preSolution
		HideSolutionNode = FALSE
	EndGlobalSection
	GlobalSection(ExtensibilityGlobals) = postSolution
		SolutionGuid = {EAADDF1D-F203-45B4-A4C7-E91A3D964AB7}
	EndGlobalSection
EndGlobal
